PODS:
  - LookinServer (1.0.0)
  - SDWebImage (5.4.0):
    - SDWebImage/Core (= 5.4.0)
  - SDWebImage/Core (5.4.0)
  - XPhotoKit (0.1.9)

DEPENDENCIES:
  - LookinServer
  - SDWebImage
  - XPhotoKit (from `../`)

SPEC REPOS:
  trunk:
    - LookinServer
    - SDWebImage

EXTERNAL SOURCES:
  XPhotoKit:
    :path: "../"

SPEC CHECKSUMS:
  LookinServer: 0002891cd3cec5e082a910e897dfe71b4f06b89e
  SDWebImage: 5bf6aec6481ae2a062bdc59f9d6c1d1e552090e0
  XPhotoKit: 267dfa1d3961e60a3441be90634b17e061579e10

PODFILE CHECKSUM: 5905b38bf03151be2803a712678f928aed3b8853

COCOAPODS: 1.8.4
